<?xml version="1.0" encoding="UTF-8" standalone="yes" ?>
<CodeBlocks_project_file>
	<FileVersion major="1" minor="6" />
	<Project>
		<Option title="CG-Game" />
		<Option pch_mode="2" />
		<Option compiler="gcc-mingw32" />
		<Build>
			<Target title="Debug">
				<Option output="bin/debug/CG-Game" prefix_auto="1" extension_auto="1" />
				<Option working_dir="$(#glut)/bin" />
				<Option object_output="bin/obj/debug/" />
				<Option type="1" />
				<Option compiler="gcc-mingw32" />
			</Target>
			<Target title="Release">
				<Option output="bin/release/CG-Game" prefix_auto="1" extension_auto="1" />
				<Option working_dir="$(#glut)/bin" />
				<Option object_output="bin/obj/release/" />
				<Option type="0" />
				<Option compiler="gcc-mingw32" />
			</Target>
		</Build>
		<Compiler>
			<Add directory="$(#glut.include)" />
		</Compiler>
		<Linker>
			<Add library="freeglut" />
			<Add library="opengl32" />
			<Add library="glu32" />
			<Add library="winmm" />
			<Add library="gdi32" />
			<Add directory="$(#glut.lib)" />
		</Linker>
		<UnitsGlob directory="src" wildcard="*" recursive="1" id="744811448" addToProject="1">
			<Option target="Debug" />
		</UnitsGlob>
		<Unit filename="src/estado.c">
			<Option compilerVar="CC" />
			<Option glob="744811448" />
			<Option target="Debug" />
		</Unit>
		<Unit filename="src/estado.h">
			<Option glob="744811448" />
		</Unit>
		<Unit filename="src/main.c">
			<Option compilerVar="CC" />
			<Option glob="744811448" />
			<Option target="Debug" />
		</Unit>
		<Unit filename="src/menu.c">
			<Option compilerVar="CC" />
			<Option glob="744811448" />
			<Option target="Debug" />
		</Unit>
		<Unit filename="src/menu.h">
			<Option glob="744811448" />
		</Unit>
		<Unit filename="src/model.c">
			<Option compilerVar="CC" />
			<Option glob="744811448" />
		</Unit>
		<Unit filename="src/model.h">
			<Option glob="744811448" />
		</Unit>
		<Extensions>
			<editor_config active="1" use_tabs="1" tab_indents="1" tab_width="4" indent="4" eol_mode="2" />
		</Extensions>
	</Project>
</CodeBlocks_project_file>
